{
    "version": 3,
    "terraform_version": "0.11.10",
    "serial": 15,
    "lineage": "66cbf5b7-6e30-1b8b-1f3a-d000e146e4f0",
    "modules": [
        {
            "path": [
                "root"
            ],
            "outputs": {
                "alb_hostname": {
                    "sensitive": false,
                    "type": "string",
                    "value": "cb-load-balancer-1342403660.us-east-1.elb.amazonaws.com"
                }
            },
            "resources": {
                "aws_alb.main": {
                    "type": "aws_alb",
                    "depends_on": [
                        "aws_security_group.lb",
                        "aws_subnet.public.*"
                    ],
                    "primary": {
                        "id": "arn:aws:elasticloadbalancing:us-east-1:091579642560:loadbalancer/app/cb-load-balancer/c5dc1b797e4dfe4f",
                        "attributes": {
                            "access_logs.#": "0",
                            "arn": "arn:aws:elasticloadbalancing:us-east-1:091579642560:loadbalancer/app/cb-load-balancer/c5dc1b797e4dfe4f",
                            "arn_suffix": "app/cb-load-balancer/c5dc1b797e4dfe4f",
                            "dns_name": "cb-load-balancer-1342403660.us-east-1.elb.amazonaws.com",
                            "enable_deletion_protection": "false",
                            "enable_http2": "true",
                            "id": "arn:aws:elasticloadbalancing:us-east-1:091579642560:loadbalancer/app/cb-load-balancer/c5dc1b797e4dfe4f",
                            "idle_timeout": "60",
                            "internal": "false",
                            "ip_address_type": "ipv4",
                            "load_balancer_type": "application",
                            "name": "cb-load-balancer",
                            "security_groups.#": "1",
                            "security_groups.3462424723": "sg-0d7e61c1561336a1c",
                            "subnet_mapping.#": "0",
                            "subnets.#": "2",
                            "subnets.3256464929": "subnet-0146ccbac2d03fbd0",
                            "subnets.4124272828": "subnet-0969b94830b30ad89",
                            "tags.%": "0",
                            "vpc_id": "vpc-0ac1360dd5ad66e51",
                            "zone_id": "Z35SXDOTRQ7X7K"
                        },
                        "meta": {
                            "e2bfb730-ecaa-11e6-8f88-34363bc7c4c0": {
                                "create": 600000000000,
                                "delete": 600000000000,
                                "update": 600000000000
                            }
                        },
                        "tainted": false
                    },
                    "deposed": [],
                    "provider": "provider.aws"
                },
                "aws_alb_listener.front_end": {
                    "type": "aws_alb_listener",
                    "depends_on": [
                        "aws_alb.main",
                        "aws_alb_target_group.app"
                    ],
                    "primary": {
                        "id": "arn:aws:elasticloadbalancing:us-east-1:091579642560:listener/app/cb-load-balancer/c5dc1b797e4dfe4f/ba5e5f2567058673",
                        "attributes": {
                            "arn": "arn:aws:elasticloadbalancing:us-east-1:091579642560:listener/app/cb-load-balancer/c5dc1b797e4dfe4f/ba5e5f2567058673",
                            "default_action.#": "1",
                            "default_action.0.authenticate_cognito.#": "0",
                            "default_action.0.authenticate_oidc.#": "0",
                            "default_action.0.fixed_response.#": "0",
                            "default_action.0.order": "1",
                            "default_action.0.redirect.#": "0",
                            "default_action.0.target_group_arn": "arn:aws:elasticloadbalancing:us-east-1:091579642560:targetgroup/cb-target-group/76dcf4f5ab796e19",
                            "default_action.0.type": "forward",
                            "id": "arn:aws:elasticloadbalancing:us-east-1:091579642560:listener/app/cb-load-balancer/c5dc1b797e4dfe4f/ba5e5f2567058673",
                            "load_balancer_arn": "arn:aws:elasticloadbalancing:us-east-1:091579642560:loadbalancer/app/cb-load-balancer/c5dc1b797e4dfe4f",
                            "port": "3000",
                            "protocol": "HTTP",
                            "ssl_policy": ""
                        },
                        "meta": {
                            "e2bfb730-ecaa-11e6-8f88-34363bc7c4c0": {
                                "read": 600000000000
                            }
                        },
                        "tainted": false
                    },
                    "deposed": [],
                    "provider": "provider.aws"
                },
                "aws_alb_target_group.app": {
                    "type": "aws_alb_target_group",
                    "depends_on": [
                        "aws_vpc.main"
                    ],
                    "primary": {
                        "id": "arn:aws:elasticloadbalancing:us-east-1:091579642560:targetgroup/cb-target-group/76dcf4f5ab796e19",
                        "attributes": {
                            "arn": "arn:aws:elasticloadbalancing:us-east-1:091579642560:targetgroup/cb-target-group/76dcf4f5ab796e19",
                            "arn_suffix": "targetgroup/cb-target-group/76dcf4f5ab796e19",
                            "deregistration_delay": "300",
                            "health_check.#": "1",
                            "health_check.0.healthy_threshold": "3",
                            "health_check.0.interval": "30",
                            "health_check.0.matcher": "200",
                            "health_check.0.path": "/",
                            "health_check.0.port": "traffic-port",
                            "health_check.0.protocol": "HTTP",
                            "health_check.0.timeout": "3",
                            "health_check.0.unhealthy_threshold": "2",
                            "id": "arn:aws:elasticloadbalancing:us-east-1:091579642560:targetgroup/cb-target-group/76dcf4f5ab796e19",
                            "name": "cb-target-group",
                            "port": "80",
                            "protocol": "HTTP",
                            "proxy_protocol_v2": "false",
                            "slow_start": "0",
                            "stickiness.#": "1",
                            "stickiness.0.cookie_duration": "86400",
                            "stickiness.0.enabled": "false",
                            "stickiness.0.type": "lb_cookie",
                            "tags.%": "0",
                            "target_type": "ip",
                            "vpc_id": "vpc-0ac1360dd5ad66e51"
                        },
                        "meta": {},
                        "tainted": false
                    },
                    "deposed": [],
                    "provider": "provider.aws"
                },
                "aws_appautoscaling_policy.down": {
                    "type": "aws_appautoscaling_policy",
                    "depends_on": [
                        "aws_appautoscaling_target.target",
                        "aws_ecs_cluster.main",
                        "aws_ecs_service.main"
                    ],
                    "primary": {
                        "id": "cb_scale_down",
                        "attributes": {
                            "alarms.#": "0",
                            "arn": "arn:aws:autoscaling:us-east-1:091579642560:scalingPolicy:d0540dcd-36a4-4e8e-b0b6-98fc67e64e9c:resource/ecs/service/cb-cluster/cb-service:policyName/cb_scale_down",
                            "id": "cb_scale_down",
                            "name": "cb_scale_down",
                            "policy_type": "StepScaling",
                            "resource_id": "service/cb-cluster/cb-service",
                            "scalable_dimension": "ecs:service:DesiredCount",
                            "service_namespace": "ecs",
                            "step_scaling_policy_configuration.#": "1",
                            "step_scaling_policy_configuration.0.adjustment_type": "ChangeInCapacity",
                            "step_scaling_policy_configuration.0.cooldown": "60",
                            "step_scaling_policy_configuration.0.metric_aggregation_type": "Maximum",
                            "step_scaling_policy_configuration.0.min_adjustment_magnitude": "0",
                            "step_scaling_policy_configuration.0.step_adjustment.#": "1",
                            "step_scaling_policy_configuration.0.step_adjustment.453260054.metric_interval_lower_bound": "0",
                            "step_scaling_policy_configuration.0.step_adjustment.453260054.metric_interval_upper_bound": "",
                            "step_scaling_policy_configuration.0.step_adjustment.453260054.scaling_adjustment": "-1",
                            "target_tracking_scaling_policy_configuration.#": "0"
                        },
                        "meta": {},
                        "tainted": false
                    },
                    "deposed": [],
                    "provider": "provider.aws"
                },
                "aws_appautoscaling_policy.up": {
                    "type": "aws_appautoscaling_policy",
                    "depends_on": [
                        "aws_appautoscaling_target.target",
                        "aws_ecs_cluster.main",
                        "aws_ecs_service.main"
                    ],
                    "primary": {
                        "id": "cb_scale_up",
                        "attributes": {
                            "alarms.#": "0",
                            "arn": "arn:aws:autoscaling:us-east-1:091579642560:scalingPolicy:d0540dcd-36a4-4e8e-b0b6-98fc67e64e9c:resource/ecs/service/cb-cluster/cb-service:policyName/cb_scale_up",
                            "id": "cb_scale_up",
                            "name": "cb_scale_up",
                            "policy_type": "StepScaling",
                            "resource_id": "service/cb-cluster/cb-service",
                            "scalable_dimension": "ecs:service:DesiredCount",
                            "service_namespace": "ecs",
                            "step_scaling_policy_configuration.#": "1",
                            "step_scaling_policy_configuration.0.adjustment_type": "ChangeInCapacity",
                            "step_scaling_policy_configuration.0.cooldown": "60",
                            "step_scaling_policy_configuration.0.metric_aggregation_type": "Maximum",
                            "step_scaling_policy_configuration.0.min_adjustment_magnitude": "0",
                            "step_scaling_policy_configuration.0.step_adjustment.#": "1",
                            "step_scaling_policy_configuration.0.step_adjustment.207530251.metric_interval_lower_bound": "0",
                            "step_scaling_policy_configuration.0.step_adjustment.207530251.metric_interval_upper_bound": "",
                            "step_scaling_policy_configuration.0.step_adjustment.207530251.scaling_adjustment": "1",
                            "target_tracking_scaling_policy_configuration.#": "0"
                        },
                        "meta": {},
                        "tainted": false
                    },
                    "deposed": [],
                    "provider": "provider.aws"
                },
                "aws_appautoscaling_target.target": {
                    "type": "aws_appautoscaling_target",
                    "depends_on": [
                        "aws_ecs_cluster.main",
                        "aws_ecs_service.main"
                    ],
                    "primary": {
                        "id": "service/cb-cluster/cb-service",
                        "attributes": {
                            "id": "service/cb-cluster/cb-service",
                            "max_capacity": "6",
                            "min_capacity": "3",
                            "resource_id": "service/cb-cluster/cb-service",
                            "role_arn": "arn:aws:iam::091579642560:role/aws-service-role/ecs.application-autoscaling.amazonaws.com/AWSServiceRoleForApplicationAutoScaling_ECSService",
                            "scalable_dimension": "ecs:service:DesiredCount",
                            "service_namespace": "ecs"
                        },
                        "meta": {},
                        "tainted": false
                    },
                    "deposed": [],
                    "provider": "provider.aws"
                },
                "aws_cloudwatch_log_group.cb_log_group": {
                    "type": "aws_cloudwatch_log_group",
                    "depends_on": [],
                    "primary": {
                        "id": "/ecs/cb-app",
                        "attributes": {
                            "arn": "arn:aws:logs:us-east-1:091579642560:log-group:/ecs/cb-app:*",
                            "id": "/ecs/cb-app",
                            "kms_key_id": "",
                            "name": "/ecs/cb-app",
                            "retention_in_days": "30",
                            "tags.%": "1",
                            "tags.Name": "cb-log-group"
                        },
                        "meta": {},
                        "tainted": false
                    },
                    "deposed": [],
                    "provider": "provider.aws"
                },
                "aws_cloudwatch_log_stream.cb_log_stream": {
                    "type": "aws_cloudwatch_log_stream",
                    "depends_on": [
                        "aws_cloudwatch_log_group.cb_log_group"
                    ],
                    "primary": {
                        "id": "cb-log-stream",
                        "attributes": {
                            "arn": "arn:aws:logs:us-east-1:091579642560:log-group:/ecs/cb-app:log-stream:cb-log-stream",
                            "id": "cb-log-stream",
                            "log_group_name": "/ecs/cb-app",
                            "name": "cb-log-stream"
                        },
                        "meta": {},
                        "tainted": false
                    },
                    "deposed": [],
                    "provider": "provider.aws"
                },
                "aws_cloudwatch_metric_alarm.service_cpu_high": {
                    "type": "aws_cloudwatch_metric_alarm",
                    "depends_on": [
                        "aws_appautoscaling_policy.up",
                        "aws_ecs_cluster.main",
                        "aws_ecs_service.main"
                    ],
                    "primary": {
                        "id": "cb_cpu_utilization_high",
                        "attributes": {
                            "actions_enabled": "true",
                            "alarm_actions.#": "1",
                            "alarm_actions.3327194826": "arn:aws:autoscaling:us-east-1:091579642560:scalingPolicy:d0540dcd-36a4-4e8e-b0b6-98fc67e64e9c:resource/ecs/service/cb-cluster/cb-service:policyName/cb_scale_up",
                            "alarm_description": "",
                            "alarm_name": "cb_cpu_utilization_high",
                            "arn": "arn:aws:cloudwatch:us-east-1:091579642560:alarm:cb_cpu_utilization_high",
                            "comparison_operator": "GreaterThanOrEqualToThreshold",
                            "datapoints_to_alarm": "0",
                            "dimensions.%": "2",
                            "dimensions.ClusterName": "cb-cluster",
                            "dimensions.ServiceName": "cb-service",
                            "evaluate_low_sample_count_percentiles": "",
                            "evaluation_periods": "2",
                            "extended_statistic": "",
                            "id": "cb_cpu_utilization_high",
                            "insufficient_data_actions.#": "0",
                            "metric_name": "CPUUtilization",
                            "namespace": "AWS/ECS",
                            "ok_actions.#": "0",
                            "period": "60",
                            "statistic": "Average",
                            "threshold": "85",
                            "treat_missing_data": "missing",
                            "unit": ""
                        },
                        "meta": {
                            "schema_version": "1"
                        },
                        "tainted": false
                    },
                    "deposed": [],
                    "provider": "provider.aws"
                },
                "aws_cloudwatch_metric_alarm.service_cpu_low": {
                    "type": "aws_cloudwatch_metric_alarm",
                    "depends_on": [
                        "aws_appautoscaling_policy.down",
                        "aws_ecs_cluster.main",
                        "aws_ecs_service.main"
                    ],
                    "primary": {
                        "id": "cb_cpu_utilization_low",
                        "attributes": {
                            "actions_enabled": "true",
                            "alarm_actions.#": "1",
                            "alarm_actions.297388955": "arn:aws:autoscaling:us-east-1:091579642560:scalingPolicy:d0540dcd-36a4-4e8e-b0b6-98fc67e64e9c:resource/ecs/service/cb-cluster/cb-service:policyName/cb_scale_down",
                            "alarm_description": "",
                            "alarm_name": "cb_cpu_utilization_low",
                            "arn": "arn:aws:cloudwatch:us-east-1:091579642560:alarm:cb_cpu_utilization_low",
                            "comparison_operator": "LessThanOrEqualToThreshold",
                            "datapoints_to_alarm": "0",
                            "dimensions.%": "2",
                            "dimensions.ClusterName": "cb-cluster",
                            "dimensions.ServiceName": "cb-service",
                            "evaluate_low_sample_count_percentiles": "",
                            "evaluation_periods": "2",
                            "extended_statistic": "",
                            "id": "cb_cpu_utilization_low",
                            "insufficient_data_actions.#": "0",
                            "metric_name": "CPUUtilization",
                            "namespace": "AWS/ECS",
                            "ok_actions.#": "0",
                            "period": "60",
                            "statistic": "Average",
                            "threshold": "10",
                            "treat_missing_data": "missing",
                            "unit": ""
                        },
                        "meta": {
                            "schema_version": "1"
                        },
                        "tainted": false
                    },
                    "deposed": [],
                    "provider": "provider.aws"
                },
                "aws_db_subnet_group.rds_subnet_group": {
                    "type": "aws_db_subnet_group",
                    "depends_on": [
                        "aws_subnet.private.*"
                    ],
                    "primary": {
                        "id": "sentryterraform-rds-subnet-group",
                        "attributes": {
                            "arn": "arn:aws:rds:us-east-1:091579642560:subgrp:sentryterraform-rds-subnet-group",
                            "description": "RDS subnet group",
                            "id": "sentryterraform-rds-subnet-group",
                            "name": "sentryterraform-rds-subnet-group",
                            "subnet_ids.#": "2",
                            "subnet_ids.1363085200": "subnet-0ebb3701359ed8f27",
                            "subnet_ids.1369652902": "subnet-07b2b55d1cbbc16fa",
                            "tags.%": "1",
                            "tags.Environment": "sentryterraform"
                        },
                        "meta": {},
                        "tainted": false
                    },
                    "deposed": [],
                    "provider": "provider.aws"
                },
                "aws_ecs_cluster.main": {
                    "type": "aws_ecs_cluster",
                    "depends_on": [],
                    "primary": {
                        "id": "arn:aws:ecs:us-east-1:091579642560:cluster/cb-cluster",
                        "attributes": {
                            "arn": "arn:aws:ecs:us-east-1:091579642560:cluster/cb-cluster",
                            "id": "arn:aws:ecs:us-east-1:091579642560:cluster/cb-cluster",
                            "name": "cb-cluster",
                            "tags.%": "0"
                        },
                        "meta": {},
                        "tainted": false
                    },
                    "deposed": [],
                    "provider": "provider.aws"
                },
                "aws_ecs_service.main": {
                    "type": "aws_ecs_service",
                    "depends_on": [
                        "aws_alb_listener.front_end",
                        "aws_alb_target_group.app",
                        "aws_ecs_cluster.main",
                        "aws_ecs_task_definition.app",
                        "aws_security_group.ecs_tasks",
                        "aws_subnet.private.*"
                    ],
                    "primary": {
                        "id": "arn:aws:ecs:us-east-1:091579642560:service/cb-service",
                        "attributes": {
                            "cluster": "arn:aws:ecs:us-east-1:091579642560:cluster/cb-cluster",
                            "deployment_maximum_percent": "200",
                            "deployment_minimum_healthy_percent": "100",
                            "desired_count": "3",
                            "health_check_grace_period_seconds": "0",
                            "iam_role": "aws-service-role",
                            "id": "arn:aws:ecs:us-east-1:091579642560:service/cb-service",
                            "launch_type": "FARGATE",
                            "load_balancer.#": "1",
                            "load_balancer.1557659165.container_name": "cb-app",
                            "load_balancer.1557659165.container_port": "3000",
                            "load_balancer.1557659165.elb_name": "",
                            "load_balancer.1557659165.target_group_arn": "arn:aws:elasticloadbalancing:us-east-1:091579642560:targetgroup/cb-target-group/76dcf4f5ab796e19",
                            "name": "cb-service",
                            "network_configuration.#": "1",
                            "network_configuration.0.assign_public_ip": "true",
                            "network_configuration.0.security_groups.#": "1",
                            "network_configuration.0.security_groups.1481235571": "sg-03dcc0b12220e33d4",
                            "network_configuration.0.subnets.#": "2",
                            "network_configuration.0.subnets.1363085200": "subnet-0ebb3701359ed8f27",
                            "network_configuration.0.subnets.1369652902": "subnet-07b2b55d1cbbc16fa",
                            "ordered_placement_strategy.#": "0",
                            "placement_constraints.#": "0",
                            "scheduling_strategy": "REPLICA",
                            "service_registries.#": "0",
                            "tags.%": "0",
                            "task_definition": "arn:aws:ecs:us-east-1:091579642560:task-definition/cb-app-task:1"
                        },
                        "meta": {},
                        "tainted": false
                    },
                    "deposed": [],
                    "provider": "provider.aws"
                },
                "aws_ecs_task_definition.app": {
                    "type": "aws_ecs_task_definition",
                    "depends_on": [
                        "data.template_file.cb_app"
                    ],
                    "primary": {
                        "id": "cb-app-task",
                        "attributes": {
                            "arn": "arn:aws:ecs:us-east-1:091579642560:task-definition/cb-app-task:1",
                            "container_definitions": "[{\"cpu\":1024,\"environment\":[],\"essential\":true,\"image\":\"bradfordhamilton/crystal_blockchain:latest\",\"logConfiguration\":{\"logDriver\":\"awslogs\",\"options\":{\"awslogs-group\":\"/ecs/cb-app\",\"awslogs-region\":\"us-east-1\",\"awslogs-stream-prefix\":\"ecs\"}},\"memory\":2048,\"mountPoints\":[],\"name\":\"cb-app\",\"portMappings\":[{\"containerPort\":3000,\"hostPort\":3000,\"protocol\":\"tcp\"}],\"volumesFrom\":[]}]",
                            "cpu": "1024",
                            "execution_role_arn": "arn:aws:iam::091579642560:role/ecsTaskExecutionRole",
                            "family": "cb-app-task",
                            "id": "cb-app-task",
                            "memory": "2048",
                            "network_mode": "awsvpc",
                            "placement_constraints.#": "0",
                            "requires_compatibilities.#": "1",
                            "requires_compatibilities.3072437307": "FARGATE",
                            "revision": "1",
                            "tags.%": "0",
                            "task_role_arn": "",
                            "volume.#": "0"
                        },
                        "meta": {
                            "schema_version": "1"
                        },
                        "tainted": false
                    },
                    "deposed": [],
                    "provider": "provider.aws"
                },
                "aws_eip.gw.0": {
                    "type": "aws_eip",
                    "depends_on": [
                        "aws_internet_gateway.gw"
                    ],
                    "primary": {
                        "id": "eipalloc-01f698ceff874cc36",
                        "attributes": {
                            "association_id": "eipassoc-e9ea4715",
                            "domain": "vpc",
                            "id": "eipalloc-01f698ceff874cc36",
                            "instance": "",
                            "network_interface": "eni-0d2a83d90296948a8",
                            "private_ip": "172.17.2.70",
                            "public_ip": "18.215.0.251",
                            "public_ipv4_pool": "amazon",
                            "tags.%": "0",
                            "vpc": "true"
                        },
                        "meta": {
                            "e2bfb730-ecaa-11e6-8f88-34363bc7c4c0": {
                                "delete": 180000000000,
                                "read": 900000000000,
                                "update": 300000000000
                            }
                        },
                        "tainted": false
                    },
                    "deposed": [],
                    "provider": "provider.aws"
                },
                "aws_eip.gw.1": {
                    "type": "aws_eip",
                    "depends_on": [
                        "aws_internet_gateway.gw"
                    ],
                    "primary": {
                        "id": "eipalloc-0134836999997440d",
                        "attributes": {
                            "association_id": "eipassoc-2a1f3392",
                            "domain": "vpc",
                            "id": "eipalloc-0134836999997440d",
                            "instance": "",
                            "network_interface": "eni-0b9dae3c6faaffbde",
                            "private_ip": "172.17.3.125",
                            "public_ip": "52.0.122.214",
                            "public_ipv4_pool": "amazon",
                            "tags.%": "0",
                            "vpc": "true"
                        },
                        "meta": {
                            "e2bfb730-ecaa-11e6-8f88-34363bc7c4c0": {
                                "delete": 180000000000,
                                "read": 900000000000,
                                "update": 300000000000
                            }
                        },
                        "tainted": false
                    },
                    "deposed": [],
                    "provider": "provider.aws"
                },
                "aws_elasticache_replication_group.default": {
                    "type": "aws_elasticache_replication_group",
                    "depends_on": [
                        "aws_elasticache_subnet_group.default"
                    ],
                    "primary": {
                        "id": "yes",
                        "attributes": {
                            "at_rest_encryption_enabled": "false",
                            "auth_token": "",
                            "auto_minor_version_upgrade": "true",
                            "automatic_failover_enabled": "true",
                            "cluster_mode.#": "1",
                            "cluster_mode.0.num_node_groups": "3",
                            "cluster_mode.0.replicas_per_node_group": "1",
                            "configuration_endpoint_address": "yes.r7xn9k.clustercfg.use1.cache.amazonaws.com",
                            "engine": "redis",
                            "engine_version": "5.0.0",
                            "id": "yes",
                            "maintenance_window": "sat:05:00-sat:06:00",
                            "member_clusters.#": "6",
                            "member_clusters.1497532843": "yes-0001-002",
                            "member_clusters.2280366785": "yes-0002-001",
                            "member_clusters.3129707377": "yes-0003-001",
                            "member_clusters.3226195985": "yes-0001-001",
                            "member_clusters.518189947": "yes-0002-002",
                            "member_clusters.595778251": "yes-0003-002",
                            "node_type": "cache.m4.large",
                            "number_cache_clusters": "6",
                            "parameter_group_name": "default.redis5.0.cluster.on",
                            "port": "6379",
                            "replication_group_description": "Redis cluster for Hashicorp ElastiCache example",
                            "replication_group_id": "yes",
                            "security_group_ids.#": "0",
                            "security_group_names.#": "0",
                            "snapshot_retention_limit": "5",
                            "snapshot_window": "00:00-05:00",
                            "subnet_group_name": "sentryterraform-cache-subnet",
                            "transit_encryption_enabled": "false"
                        },
                        "meta": {
                            "e2bfb730-ecaa-11e6-8f88-34363bc7c4c0": {
                                "create": 3600000000000,
                                "delete": 2400000000000,
                                "update": 2400000000000
                            },
                            "schema_version": "1"
                        },
                        "tainted": false
                    },
                    "deposed": [],
                    "provider": "provider.aws"
                },
                "aws_elasticache_subnet_group.default": {
                    "type": "aws_elasticache_subnet_group",
                    "depends_on": [
                        "aws_subnet.private.*"
                    ],
                    "primary": {
                        "id": "sentryterraform-cache-subnet",
                        "attributes": {
                            "description": "Managed by Terraform",
                            "id": "sentryterraform-cache-subnet",
                            "name": "sentryterraform-cache-subnet",
                            "subnet_ids.#": "2",
                            "subnet_ids.1363085200": "subnet-0ebb3701359ed8f27",
                            "subnet_ids.1369652902": "subnet-07b2b55d1cbbc16fa"
                        },
                        "meta": {},
                        "tainted": false
                    },
                    "deposed": [],
                    "provider": "provider.aws"
                },
                "aws_internet_gateway.gw": {
                    "type": "aws_internet_gateway",
                    "depends_on": [
                        "aws_vpc.main"
                    ],
                    "primary": {
                        "id": "igw-0d7c8377020db1eca",
                        "attributes": {
                            "id": "igw-0d7c8377020db1eca",
                            "tags.%": "0",
                            "vpc_id": "vpc-0ac1360dd5ad66e51"
                        },
                        "meta": {},
                        "tainted": false
                    },
                    "deposed": [],
                    "provider": "provider.aws"
                },
                "aws_nat_gateway.gw.0": {
                    "type": "aws_nat_gateway",
                    "depends_on": [
                        "aws_eip.gw.*",
                        "aws_subnet.public.*"
                    ],
                    "primary": {
                        "id": "nat-086d662413d640d9d",
                        "attributes": {
                            "allocation_id": "eipalloc-01f698ceff874cc36",
                            "id": "nat-086d662413d640d9d",
                            "network_interface_id": "eni-0d2a83d90296948a8",
                            "private_ip": "172.17.2.70",
                            "public_ip": "18.215.0.251",
                            "subnet_id": "subnet-0146ccbac2d03fbd0",
                            "tags.%": "0"
                        },
                        "meta": {},
                        "tainted": false
                    },
                    "deposed": [],
                    "provider": "provider.aws"
                },
                "aws_nat_gateway.gw.1": {
                    "type": "aws_nat_gateway",
                    "depends_on": [
                        "aws_eip.gw.*",
                        "aws_subnet.public.*"
                    ],
                    "primary": {
                        "id": "nat-08613a9bada5c9d9c",
                        "attributes": {
                            "allocation_id": "eipalloc-0134836999997440d",
                            "id": "nat-08613a9bada5c9d9c",
                            "network_interface_id": "eni-0b9dae3c6faaffbde",
                            "private_ip": "172.17.3.125",
                            "public_ip": "52.0.122.214",
                            "subnet_id": "subnet-0969b94830b30ad89",
                            "tags.%": "0"
                        },
                        "meta": {},
                        "tainted": false
                    },
                    "deposed": [],
                    "provider": "provider.aws"
                },
                "aws_route.internet_access": {
                    "type": "aws_route",
                    "depends_on": [
                        "aws_internet_gateway.gw",
                        "aws_vpc.main"
                    ],
                    "primary": {
                        "id": "r-rtb-0962a369e81c2a2851080289494",
                        "attributes": {
                            "destination_cidr_block": "0.0.0.0/0",
                            "destination_prefix_list_id": "",
                            "egress_only_gateway_id": "",
                            "gateway_id": "igw-0d7c8377020db1eca",
                            "id": "r-rtb-0962a369e81c2a2851080289494",
                            "instance_id": "",
                            "instance_owner_id": "",
                            "nat_gateway_id": "",
                            "network_interface_id": "",
                            "origin": "CreateRoute",
                            "route_table_id": "rtb-0962a369e81c2a285",
                            "state": "active",
                            "vpc_peering_connection_id": ""
                        },
                        "meta": {
                            "e2bfb730-ecaa-11e6-8f88-34363bc7c4c0": {
                                "create": 120000000000,
                                "delete": 300000000000
                            }
                        },
                        "tainted": false
                    },
                    "deposed": [],
                    "provider": "provider.aws"
                },
                "aws_route53_record.alias_route53_record": {
                    "type": "aws_route53_record",
                    "depends_on": [
                        "aws_alb.main"
                    ],
                    "primary": {
                        "id": "Z2R3027KZILICR_anmolposts.com_A",
                        "attributes": {
                            "alias.#": "1",
                            "alias.468666215.evaluate_target_health": "true",
                            "alias.468666215.name": "cb-load-balancer-1342403660.us-east-1.elb.amazonaws.com",
                            "alias.468666215.zone_id": "Z35SXDOTRQ7X7K",
                            "allow_overwrite": "true",
                            "fqdn": "anmolposts.com",
                            "health_check_id": "",
                            "id": "Z2R3027KZILICR_anmolposts.com_A",
                            "name": "anmolposts.com",
                            "records.#": "0",
                            "set_identifier": "",
                            "ttl": "0",
                            "type": "A",
                            "zone_id": "Z2R3027KZILICR"
                        },
                        "meta": {
                            "schema_version": "2"
                        },
                        "tainted": false
                    },
                    "deposed": [],
                    "provider": "provider.aws"
                },
                "aws_route_table.private.0": {
                    "type": "aws_route_table",
                    "depends_on": [
                        "aws_nat_gateway.gw.*",
                        "aws_vpc.main"
                    ],
                    "primary": {
                        "id": "rtb-0d387c8c1e660b564",
                        "attributes": {
                            "id": "rtb-0d387c8c1e660b564",
                            "propagating_vgws.#": "0",
                            "route.#": "1",
                            "route.2483235751.cidr_block": "0.0.0.0/0",
                            "route.2483235751.egress_only_gateway_id": "",
                            "route.2483235751.gateway_id": "",
                            "route.2483235751.instance_id": "",
                            "route.2483235751.ipv6_cidr_block": "",
                            "route.2483235751.nat_gateway_id": "nat-086d662413d640d9d",
                            "route.2483235751.network_interface_id": "",
                            "route.2483235751.vpc_peering_connection_id": "",
                            "tags.%": "0",
                            "vpc_id": "vpc-0ac1360dd5ad66e51"
                        },
                        "meta": {},
                        "tainted": false
                    },
                    "deposed": [],
                    "provider": "provider.aws"
                },
                "aws_route_table.private.1": {
                    "type": "aws_route_table",
                    "depends_on": [
                        "aws_nat_gateway.gw.*",
                        "aws_vpc.main"
                    ],
                    "primary": {
                        "id": "rtb-0b595b15690afe6d3",
                        "attributes": {
                            "id": "rtb-0b595b15690afe6d3",
                            "propagating_vgws.#": "0",
                            "route.#": "1",
                            "route.1188707394.cidr_block": "0.0.0.0/0",
                            "route.1188707394.egress_only_gateway_id": "",
                            "route.1188707394.gateway_id": "",
                            "route.1188707394.instance_id": "",
                            "route.1188707394.ipv6_cidr_block": "",
                            "route.1188707394.nat_gateway_id": "nat-08613a9bada5c9d9c",
                            "route.1188707394.network_interface_id": "",
                            "route.1188707394.vpc_peering_connection_id": "",
                            "tags.%": "0",
                            "vpc_id": "vpc-0ac1360dd5ad66e51"
                        },
                        "meta": {},
                        "tainted": false
                    },
                    "deposed": [],
                    "provider": "provider.aws"
                },
                "aws_route_table_association.private.0": {
                    "type": "aws_route_table_association",
                    "depends_on": [
                        "aws_route_table.private.*",
                        "aws_subnet.private.*"
                    ],
                    "primary": {
                        "id": "rtbassoc-077961b4c4277d99a",
                        "attributes": {
                            "id": "rtbassoc-077961b4c4277d99a",
                            "route_table_id": "rtb-0d387c8c1e660b564",
                            "subnet_id": "subnet-07b2b55d1cbbc16fa"
                        },
                        "meta": {},
                        "tainted": false
                    },
                    "deposed": [],
                    "provider": "provider.aws"
                },
                "aws_route_table_association.private.1": {
                    "type": "aws_route_table_association",
                    "depends_on": [
                        "aws_route_table.private.*",
                        "aws_subnet.private.*"
                    ],
                    "primary": {
                        "id": "rtbassoc-012139dce3125a1ae",
                        "attributes": {
                            "id": "rtbassoc-012139dce3125a1ae",
                            "route_table_id": "rtb-0b595b15690afe6d3",
                            "subnet_id": "subnet-0ebb3701359ed8f27"
                        },
                        "meta": {},
                        "tainted": false
                    },
                    "deposed": [],
                    "provider": "provider.aws"
                },
                "aws_security_group.db_access_sg": {
                    "type": "aws_security_group",
                    "depends_on": [
                        "aws_vpc.main"
                    ],
                    "primary": {
                        "id": "sg-026bff56358cb4298",
                        "attributes": {
                            "arn": "arn:aws:ec2:us-east-1:091579642560:security-group/sg-026bff56358cb4298",
                            "description": "Allow access to RDS",
                            "egress.#": "0",
                            "id": "sg-026bff56358cb4298",
                            "ingress.#": "0",
                            "name": "sentryterraform-db-access-sg",
                            "owner_id": "091579642560",
                            "revoke_rules_on_delete": "false",
                            "tags.%": "2",
                            "tags.Environment": "sentryterraform",
                            "tags.Name": "sentryterraform-db-access-sg",
                            "vpc_id": "vpc-0ac1360dd5ad66e51"
                        },
                        "meta": {
                            "e2bfb730-ecaa-11e6-8f88-34363bc7c4c0": {
                                "create": 600000000000,
                                "delete": 600000000000
                            },
                            "schema_version": "1"
                        },
                        "tainted": false
                    },
                    "deposed": [],
                    "provider": "provider.aws"
                },
                "aws_security_group.ecs_tasks": {
                    "type": "aws_security_group",
                    "depends_on": [
                        "aws_security_group.lb",
                        "aws_vpc.main"
                    ],
                    "primary": {
                        "id": "sg-03dcc0b12220e33d4",
                        "attributes": {
                            "arn": "arn:aws:ec2:us-east-1:091579642560:security-group/sg-03dcc0b12220e33d4",
                            "description": "allow inbound access from the ALB only",
                            "egress.#": "1",
                            "egress.482069346.cidr_blocks.#": "1",
                            "egress.482069346.cidr_blocks.0": "0.0.0.0/0",
                            "egress.482069346.description": "",
                            "egress.482069346.from_port": "0",
                            "egress.482069346.ipv6_cidr_blocks.#": "0",
                            "egress.482069346.prefix_list_ids.#": "0",
                            "egress.482069346.protocol": "-1",
                            "egress.482069346.security_groups.#": "0",
                            "egress.482069346.self": "false",
                            "egress.482069346.to_port": "0",
                            "id": "sg-03dcc0b12220e33d4",
                            "ingress.#": "1",
                            "ingress.3346696484.cidr_blocks.#": "0",
                            "ingress.3346696484.description": "",
                            "ingress.3346696484.from_port": "3000",
                            "ingress.3346696484.ipv6_cidr_blocks.#": "0",
                            "ingress.3346696484.prefix_list_ids.#": "0",
                            "ingress.3346696484.protocol": "tcp",
                            "ingress.3346696484.security_groups.#": "1",
                            "ingress.3346696484.security_groups.3462424723": "sg-0d7e61c1561336a1c",
                            "ingress.3346696484.self": "false",
                            "ingress.3346696484.to_port": "3000",
                            "name": "cb-ecs-tasks-security-group",
                            "owner_id": "091579642560",
                            "revoke_rules_on_delete": "false",
                            "tags.%": "0",
                            "vpc_id": "vpc-0ac1360dd5ad66e51"
                        },
                        "meta": {
                            "e2bfb730-ecaa-11e6-8f88-34363bc7c4c0": {
                                "create": 600000000000,
                                "delete": 600000000000
                            },
                            "schema_version": "1"
                        },
                        "tainted": false
                    },
                    "deposed": [],
                    "provider": "provider.aws"
                },
                "aws_security_group.lb": {
                    "type": "aws_security_group",
                    "depends_on": [
                        "aws_vpc.main"
                    ],
                    "primary": {
                        "id": "sg-0d7e61c1561336a1c",
                        "attributes": {
                            "arn": "arn:aws:ec2:us-east-1:091579642560:security-group/sg-0d7e61c1561336a1c",
                            "description": "controls access to the ALB",
                            "egress.#": "1",
                            "egress.482069346.cidr_blocks.#": "1",
                            "egress.482069346.cidr_blocks.0": "0.0.0.0/0",
                            "egress.482069346.description": "",
                            "egress.482069346.from_port": "0",
                            "egress.482069346.ipv6_cidr_blocks.#": "0",
                            "egress.482069346.prefix_list_ids.#": "0",
                            "egress.482069346.protocol": "-1",
                            "egress.482069346.security_groups.#": "0",
                            "egress.482069346.self": "false",
                            "egress.482069346.to_port": "0",
                            "id": "sg-0d7e61c1561336a1c",
                            "ingress.#": "1",
                            "ingress.1994621032.cidr_blocks.#": "1",
                            "ingress.1994621032.cidr_blocks.0": "0.0.0.0/0",
                            "ingress.1994621032.description": "",
                            "ingress.1994621032.from_port": "3000",
                            "ingress.1994621032.ipv6_cidr_blocks.#": "0",
                            "ingress.1994621032.prefix_list_ids.#": "0",
                            "ingress.1994621032.protocol": "tcp",
                            "ingress.1994621032.security_groups.#": "0",
                            "ingress.1994621032.self": "false",
                            "ingress.1994621032.to_port": "3000",
                            "name": "cb-load-balancer-security-group",
                            "owner_id": "091579642560",
                            "revoke_rules_on_delete": "false",
                            "tags.%": "0",
                            "vpc_id": "vpc-0ac1360dd5ad66e51"
                        },
                        "meta": {
                            "e2bfb730-ecaa-11e6-8f88-34363bc7c4c0": {
                                "create": 600000000000,
                                "delete": 600000000000
                            },
                            "schema_version": "1"
                        },
                        "tainted": false
                    },
                    "deposed": [],
                    "provider": "provider.aws"
                },
                "aws_security_group.rds_sg": {
                    "type": "aws_security_group",
                    "depends_on": [
                        "aws_security_group.db_access_sg",
                        "aws_vpc.main"
                    ],
                    "primary": {
                        "id": "sg-044834a5650b802b1",
                        "attributes": {
                            "arn": "arn:aws:ec2:us-east-1:091579642560:security-group/sg-044834a5650b802b1",
                            "description": "sentryterraform Security Group",
                            "egress.#": "1",
                            "egress.482069346.cidr_blocks.#": "1",
                            "egress.482069346.cidr_blocks.0": "0.0.0.0/0",
                            "egress.482069346.description": "",
                            "egress.482069346.from_port": "0",
                            "egress.482069346.ipv6_cidr_blocks.#": "0",
                            "egress.482069346.prefix_list_ids.#": "0",
                            "egress.482069346.protocol": "-1",
                            "egress.482069346.security_groups.#": "0",
                            "egress.482069346.self": "false",
                            "egress.482069346.to_port": "0",
                            "id": "sg-044834a5650b802b1",
                            "ingress.#": "2",
                            "ingress.316781300.cidr_blocks.#": "0",
                            "ingress.316781300.description": "",
                            "ingress.316781300.from_port": "5432",
                            "ingress.316781300.ipv6_cidr_blocks.#": "0",
                            "ingress.316781300.prefix_list_ids.#": "0",
                            "ingress.316781300.protocol": "tcp",
                            "ingress.316781300.security_groups.#": "1",
                            "ingress.316781300.security_groups.725860343": "sg-026bff56358cb4298",
                            "ingress.316781300.self": "false",
                            "ingress.316781300.to_port": "5432",
                            "ingress.753360330.cidr_blocks.#": "0",
                            "ingress.753360330.description": "",
                            "ingress.753360330.from_port": "0",
                            "ingress.753360330.ipv6_cidr_blocks.#": "0",
                            "ingress.753360330.prefix_list_ids.#": "0",
                            "ingress.753360330.protocol": "-1",
                            "ingress.753360330.security_groups.#": "0",
                            "ingress.753360330.self": "true",
                            "ingress.753360330.to_port": "0",
                            "name": "sentryterraform-rds-sg",
                            "owner_id": "091579642560",
                            "revoke_rules_on_delete": "false",
                            "tags.%": "2",
                            "tags.Environment": "sentryterraform",
                            "tags.Name": "sentryterraform-rds-sg",
                            "vpc_id": "vpc-0ac1360dd5ad66e51"
                        },
                        "meta": {
                            "e2bfb730-ecaa-11e6-8f88-34363bc7c4c0": {
                                "create": 600000000000,
                                "delete": 600000000000
                            },
                            "schema_version": "1"
                        },
                        "tainted": false
                    },
                    "deposed": [],
                    "provider": "provider.aws"
                },
                "aws_subnet.private.0": {
                    "type": "aws_subnet",
                    "depends_on": [
                        "aws_vpc.main",
                        "data.aws_availability_zones.available"
                    ],
                    "primary": {
                        "id": "subnet-07b2b55d1cbbc16fa",
                        "attributes": {
                            "arn": "arn:aws:ec2:us-east-1:091579642560:subnet/subnet-07b2b55d1cbbc16fa",
                            "assign_ipv6_address_on_creation": "false",
                            "availability_zone": "us-east-1a",
                            "cidr_block": "172.17.0.0/24",
                            "id": "subnet-07b2b55d1cbbc16fa",
                            "map_public_ip_on_launch": "false",
                            "tags.%": "0",
                            "vpc_id": "vpc-0ac1360dd5ad66e51"
                        },
                        "meta": {
                            "e2bfb730-ecaa-11e6-8f88-34363bc7c4c0": {
                                "create": 600000000000,
                                "delete": 600000000000
                            },
                            "schema_version": "1"
                        },
                        "tainted": false
                    },
                    "deposed": [],
                    "provider": "provider.aws"
                },
                "aws_subnet.private.1": {
                    "type": "aws_subnet",
                    "depends_on": [
                        "aws_vpc.main",
                        "data.aws_availability_zones.available"
                    ],
                    "primary": {
                        "id": "subnet-0ebb3701359ed8f27",
                        "attributes": {
                            "arn": "arn:aws:ec2:us-east-1:091579642560:subnet/subnet-0ebb3701359ed8f27",
                            "assign_ipv6_address_on_creation": "false",
                            "availability_zone": "us-east-1b",
                            "cidr_block": "172.17.1.0/24",
                            "id": "subnet-0ebb3701359ed8f27",
                            "map_public_ip_on_launch": "false",
                            "tags.%": "0",
                            "vpc_id": "vpc-0ac1360dd5ad66e51"
                        },
                        "meta": {
                            "e2bfb730-ecaa-11e6-8f88-34363bc7c4c0": {
                                "create": 600000000000,
                                "delete": 600000000000
                            },
                            "schema_version": "1"
                        },
                        "tainted": false
                    },
                    "deposed": [],
                    "provider": "provider.aws"
                },
                "aws_subnet.public.0": {
                    "type": "aws_subnet",
                    "depends_on": [
                        "aws_vpc.main",
                        "data.aws_availability_zones.available"
                    ],
                    "primary": {
                        "id": "subnet-0146ccbac2d03fbd0",
                        "attributes": {
                            "arn": "arn:aws:ec2:us-east-1:091579642560:subnet/subnet-0146ccbac2d03fbd0",
                            "assign_ipv6_address_on_creation": "false",
                            "availability_zone": "us-east-1a",
                            "cidr_block": "172.17.2.0/24",
                            "id": "subnet-0146ccbac2d03fbd0",
                            "map_public_ip_on_launch": "true",
                            "tags.%": "0",
                            "vpc_id": "vpc-0ac1360dd5ad66e51"
                        },
                        "meta": {
                            "e2bfb730-ecaa-11e6-8f88-34363bc7c4c0": {
                                "create": 600000000000,
                                "delete": 600000000000
                            },
                            "schema_version": "1"
                        },
                        "tainted": false
                    },
                    "deposed": [],
                    "provider": "provider.aws"
                },
                "aws_subnet.public.1": {
                    "type": "aws_subnet",
                    "depends_on": [
                        "aws_vpc.main",
                        "data.aws_availability_zones.available"
                    ],
                    "primary": {
                        "id": "subnet-0969b94830b30ad89",
                        "attributes": {
                            "arn": "arn:aws:ec2:us-east-1:091579642560:subnet/subnet-0969b94830b30ad89",
                            "assign_ipv6_address_on_creation": "false",
                            "availability_zone": "us-east-1b",
                            "cidr_block": "172.17.3.0/24",
                            "id": "subnet-0969b94830b30ad89",
                            "map_public_ip_on_launch": "true",
                            "tags.%": "0",
                            "vpc_id": "vpc-0ac1360dd5ad66e51"
                        },
                        "meta": {
                            "e2bfb730-ecaa-11e6-8f88-34363bc7c4c0": {
                                "create": 600000000000,
                                "delete": 600000000000
                            },
                            "schema_version": "1"
                        },
                        "tainted": false
                    },
                    "deposed": [],
                    "provider": "provider.aws"
                },
                "aws_vpc.main": {
                    "type": "aws_vpc",
                    "depends_on": [],
                    "primary": {
                        "id": "vpc-0ac1360dd5ad66e51",
                        "attributes": {
                            "arn": "arn:aws:ec2:us-east-1:091579642560:vpc/vpc-0ac1360dd5ad66e51",
                            "assign_generated_ipv6_cidr_block": "false",
                            "cidr_block": "172.17.0.0/16",
                            "default_network_acl_id": "acl-0b9fcedea55ae11b5",
                            "default_route_table_id": "rtb-0962a369e81c2a285",
                            "default_security_group_id": "sg-0919d00f41892da6b",
                            "dhcp_options_id": "dopt-2e357a55",
                            "enable_classiclink": "false",
                            "enable_classiclink_dns_support": "false",
                            "enable_dns_hostnames": "false",
                            "enable_dns_support": "true",
                            "id": "vpc-0ac1360dd5ad66e51",
                            "instance_tenancy": "default",
                            "ipv6_association_id": "",
                            "ipv6_cidr_block": "",
                            "main_route_table_id": "rtb-0962a369e81c2a285",
                            "tags.%": "0"
                        },
                        "meta": {
                            "schema_version": "1"
                        },
                        "tainted": false
                    },
                    "deposed": [],
                    "provider": "provider.aws"
                },
                "data.aws_availability_zones.available": {
                    "type": "aws_availability_zones",
                    "depends_on": [],
                    "primary": {
                        "id": "2018-11-25 21:19:09.6429071 +0000 UTC",
                        "attributes": {
                            "id": "2018-11-25 21:19:09.6429071 +0000 UTC",
                            "names.#": "6",
                            "names.0": "us-east-1a",
                            "names.1": "us-east-1b",
                            "names.2": "us-east-1c",
                            "names.3": "us-east-1d",
                            "names.4": "us-east-1e",
                            "names.5": "us-east-1f"
                        },
                        "meta": {},
                        "tainted": false
                    },
                    "deposed": [],
                    "provider": "provider.aws"
                },
                "data.template_file.cb_app": {
                    "type": "template_file",
                    "depends_on": [],
                    "primary": {
                        "id": "29be4e50786a58b313f47833a92b9816bf73e89a059d32d1b1eaae0a176e6a3f",
                        "attributes": {
                            "id": "29be4e50786a58b313f47833a92b9816bf73e89a059d32d1b1eaae0a176e6a3f",
                            "rendered": "[\r\n  {\r\n    \"name\": \"cb-app\",\r\n    \"image\": \"bradfordhamilton/crystal_blockchain:latest\",\r\n    \"cpu\": 1024,\r\n    \"memory\": 2048,\r\n    \"networkMode\": \"awsvpc\",\r\n    \"logConfiguration\": {\r\n        \"logDriver\": \"awslogs\",\r\n        \"options\": {\r\n          \"awslogs-group\": \"/ecs/cb-app\",\r\n          \"awslogs-region\": \"us-east-1\",\r\n          \"awslogs-stream-prefix\": \"ecs\"\r\n        }\r\n    },\r\n    \"portMappings\": [\r\n      {\r\n        \"containerPort\": 3000,\r\n        \"hostPort\": 3000\r\n      }\r\n    ]\r\n  }\r\n]",
                            "template": "[\r\n  {\r\n    \"name\": \"cb-app\",\r\n    \"image\": \"${app_image}\",\r\n    \"cpu\": ${fargate_cpu},\r\n    \"memory\": ${fargate_memory},\r\n    \"networkMode\": \"awsvpc\",\r\n    \"logConfiguration\": {\r\n        \"logDriver\": \"awslogs\",\r\n        \"options\": {\r\n          \"awslogs-group\": \"/ecs/cb-app\",\r\n          \"awslogs-region\": \"${aws_region}\",\r\n          \"awslogs-stream-prefix\": \"ecs\"\r\n        }\r\n    },\r\n    \"portMappings\": [\r\n      {\r\n        \"containerPort\": ${app_port},\r\n        \"hostPort\": ${app_port}\r\n      }\r\n    ]\r\n  }\r\n]",
                            "vars.%": "5",
                            "vars.app_image": "bradfordhamilton/crystal_blockchain:latest",
                            "vars.app_port": "3000",
                            "vars.aws_region": "us-east-1",
                            "vars.fargate_cpu": "1024",
                            "vars.fargate_memory": "2048"
                        },
                        "meta": {},
                        "tainted": false
                    },
                    "deposed": [],
                    "provider": "provider.template"
                }
            },
            "depends_on": []
        }
    ]
}
